
Microsoft Visual Studio Solution File, Format Version 12.00
# Visual Studio Version 17
VisualStudioVersion = 17.2.32516.85
MinimumVisualStudioVersion = 10.0.40219.1
Project("{8BC9CEB8-8B4A-11D0-8D11-00A0C91BC942}") = "Program that prints out 4.5percent of 1000", "Program that prints out 4.5percent of 1000.vcxproj", "{B980EB8D-71BE-48FD-A467-FFB789E42F40}"
EndProject
Global
	GlobalSection(SolutionConfigurationPlatforms) = preSolution
		Debug|x64 = Debug|x64
		Debug|x86 = Debug|x86
		Release|x64 = Release|x64
		Release|x86 = Release|x86
	EndGlobalSection
	GlobalSection(ProjectConfigurationPlatforms) = postSolution
		{B980EB8D-71BE-48FD-A467-FFB789E42F40}.Debug|x64.ActiveCfg = Debug|x64
		{B980EB8D-71BE-48FD-A467-FFB789E42F40}.Debug|x64.Build.0 = Debug|x64
		{B980EB8D-71BE-48FD-A467-FFB789E42F40}.Debug|x86.ActiveCfg = Debug|Win32
		{B980EB8D-71BE-48FD-A467-FFB789E42F40}.Debug|x86.Build.0 = Debug|Win32
		{B980EB8D-71BE-48FD-A467-FFB789E42F40}.Release|x64.ActiveCfg = Release|x64
		{B980EB8D-71BE-48FD-A467-FFB789E42F40}.Release|x64.Build.0 = Release|x64
		{B980EB8D-71BE-48FD-A467-FFB789E42F40}.Release|x86.ActiveCfg = Release|Win32
		{B980EB8D-71BE-48FD-A467-FFB789E42F40}.Release|x86.Build.0 = Release|Win32
	EndGlobalSection
	GlobalSection(SolutionProperties) = preSolution
		HideSolutionNode = FALSE
	EndGlobalSection
	GlobalSection(ExtensibilityGlobals) = postSolution
		SolutionGuid = {F55EEFE0-467E-4C5D-BC40-7389439778E2}
	EndGlobalSection
EndGlobal
